
Microsoft Visual Studio Solution File, Format Version 12.00
# Visual Studio Version 17
VisualStudioVersion = 17.8.34330.188
MinimumVisualStudioVersion = 10.0.40219.1
Project("{FAE04EC0-301F-11D3-BF4B-00C04F79EFBC}") = "CreationalPatterns", "Resources\CreationalPatterns\CreationalPatterns.csproj", "{CA62C990-0B07-4125-9498-551882EAAB27}"
EndProject
Global
	GlobalSection(SolutionConfigurationPlatforms) = preSolution
		Debug|Any CPU = Debug|Any CPU
		Release|Any CPU = Release|Any CPU
	EndGlobalSection
	GlobalSection(ProjectConfigurationPlatforms) = postSolution
		{CA62C990-0B07-4125-9498-551882EAAB27}.Debug|Any CPU.ActiveCfg = Debug|Any CPU
		{CA62C990-0B07-4125-9498-551882EAAB27}.Debug|Any CPU.Build.0 = Debug|Any CPU
		{CA62C990-0B07-4125-9498-551882EAAB27}.Release|Any CPU.ActiveCfg = Release|Any CPU
		{CA62C990-0B07-4125-9498-551882EAAB27}.Release|Any CPU.Build.0 = Release|Any CPU
	EndGlobalSection
	GlobalSection(SolutionProperties) = preSolution
		HideSolutionNode = FALSE
	EndGlobalSection
	GlobalSection(ExtensibilityGlobals) = postSolution
		SolutionGuid = {48E0485A-959F-4695-89BC-D4F21A29D9C5}
	EndGlobalSection
EndGlobal
