
Microsoft Visual Studio Solution File, Format Version 12.00
# Visual Studio Version 17
VisualStudioVersion = 17.8.34330.188
MinimumVisualStudioVersion = 10.0.40219.1
Project("{FAE04EC0-301F-11D3-BF4B-00C04F79EFBC}") = "StructuralPatterns", "Resources\StructuralPatterns\StructuralPatterns.csproj", "{1931A252-DE45-4534-BD3D-9C08C99888CF}"
EndProject
Global
	GlobalSection(SolutionConfigurationPlatforms) = preSolution
		Debug|Any CPU = Debug|Any CPU
		Release|Any CPU = Release|Any CPU
	EndGlobalSection
	GlobalSection(ProjectConfigurationPlatforms) = postSolution
		{1931A252-DE45-4534-BD3D-9C08C99888CF}.Debug|Any CPU.ActiveCfg = Debug|Any CPU
		{1931A252-DE45-4534-BD3D-9C08C99888CF}.Debug|Any CPU.Build.0 = Debug|Any CPU
		{1931A252-DE45-4534-BD3D-9C08C99888CF}.Release|Any CPU.ActiveCfg = Release|Any CPU
		{1931A252-DE45-4534-BD3D-9C08C99888CF}.Release|Any CPU.Build.0 = Release|Any CPU
	EndGlobalSection
	GlobalSection(SolutionProperties) = preSolution
		HideSolutionNode = FALSE
	EndGlobalSection
	GlobalSection(ExtensibilityGlobals) = postSolution
		SolutionGuid = {48E0485A-959F-4695-89BC-D4F21A29D9C5}
	EndGlobalSection
EndGlobal
